
Microsoft Visual Studio Solution File, Format Version 12.00
# Visual Studio Version 16
VisualStudioVersion = 16.0.30804.86
MinimumVisualStudioVersion = 10.0.40219.1
Project("{FAE04EC0-301F-11D3-BF4B-00C04F79EFBC}") = "NUnitSpecFlowTests", "NUnitSpecFlowTests\NUnitSpecFlowTests.csproj", "{439A3E04-D9EE-48D4-84DF-C6968EB3DFF3}"
EndProject
Global
	GlobalSection(SolutionConfigurationPlatforms) = preSolution
		Debug|Any CPU = Debug|Any CPU
		Release|Any CPU = Release|Any CPU
	EndGlobalSection
	GlobalSection(ProjectConfigurationPlatforms) = postSolution
		{439A3E04-D9EE-48D4-84DF-C6968EB3DFF3}.Debug|Any CPU.ActiveCfg = Debug|Any CPU
		{439A3E04-D9EE-48D4-84DF-C6968EB3DFF3}.Debug|Any CPU.Build.0 = Debug|Any CPU
		{439A3E04-D9EE-48D4-84DF-C6968EB3DFF3}.Release|Any CPU.ActiveCfg = Release|Any CPU
		{439A3E04-D9EE-48D4-84DF-C6968EB3DFF3}.Release|Any CPU.Build.0 = Release|Any CPU
	EndGlobalSection
	GlobalSection(SolutionProperties) = preSolution
		HideSolutionNode = FALSE
	EndGlobalSection
	GlobalSection(ExtensibilityGlobals) = postSolution
		SolutionGuid = {8FB7D3FA-ADD0-4D3C-8BB6-B2E7853E3352}
	EndGlobalSection
EndGlobal
